
Microsoft Visual Studio Solution File, Format Version 12.00
# Visual Studio Version 17
VisualStudioVersion = 17.0.31903.59
MinimumVisualStudioVersion = 10.0.40219.1
Project("{FAE04EC0-301F-11D3-BF4B-00C04F79EFBC}") = "Oppgave1", "Oppgave1\Oppgave1.csproj", "{5CE294AF-1109-45CD-9D04-0D3AC123E6C3}"
EndProject
Project("{FAE04EC0-301F-11D3-BF4B-00C04F79EFBC}") = "Oppgave2", "Oppgave2\Oppgave2.csproj", "{153C7C63-2CBA-43CF-9CA0-E37328E36275}"
EndProject
Global
	GlobalSection(SolutionConfigurationPlatforms) = preSolution
		Debug|Any CPU = Debug|Any CPU
		Release|Any CPU = Release|Any CPU
	EndGlobalSection
	GlobalSection(SolutionProperties) = preSolution
		HideSolutionNode = FALSE
	EndGlobalSection
	GlobalSection(ProjectConfigurationPlatforms) = postSolution
		{5CE294AF-1109-45CD-9D04-0D3AC123E6C3}.Debug|Any CPU.ActiveCfg = Debug|Any CPU
		{5CE294AF-1109-45CD-9D04-0D3AC123E6C3}.Debug|Any CPU.Build.0 = Debug|Any CPU
		{5CE294AF-1109-45CD-9D04-0D3AC123E6C3}.Release|Any CPU.ActiveCfg = Release|Any CPU
		{5CE294AF-1109-45CD-9D04-0D3AC123E6C3}.Release|Any CPU.Build.0 = Release|Any CPU
		{153C7C63-2CBA-43CF-9CA0-E37328E36275}.Debug|Any CPU.ActiveCfg = Debug|Any CPU
		{153C7C63-2CBA-43CF-9CA0-E37328E36275}.Debug|Any CPU.Build.0 = Debug|Any CPU
		{153C7C63-2CBA-43CF-9CA0-E37328E36275}.Release|Any CPU.ActiveCfg = Release|Any CPU
		{153C7C63-2CBA-43CF-9CA0-E37328E36275}.Release|Any CPU.Build.0 = Release|Any CPU
	EndGlobalSection
EndGlobal
